
Microsoft Visual Studio Solution File, Format Version 12.00
# Visual Studio 2012
Project("{8BC9CEB8-8B4A-11D0-8D11-00A0C91BC942}") = "product-Office", "windows-Office\Office.vcxproj", "{E6BA42F2-99A8-0122-4E46-A097CDA7880D}"
EndProject
Project("{8BC9CEB8-8B4A-11D0-8D11-00A0C91BC942}") = "Win32-nptsoffice", "windows-nptsoffice\nptsoffice.vcxproj", "{A5644DC1-E321-4253-8473-B2D3F7DA1610}"
EndProject
Project("{8BC9CEB8-8B4A-11D0-8D11-00A0C91BC942}") = "Downloader", "windows-Downloader\Downloader.vcxproj", "{E297A19F-C7EF-5F10-86F6-99873CB9483C}"
EndProject
Project("{8BC9CEB8-8B4A-11D0-8D11-00A0C91BC942}") = "Upgrader", "windows-Upgrader\Upgrader.vcxproj", "{56845C6E-7D36-5B07-A62E-C7E0C9AA0448}"
EndProject
Project("{8BC9CEB8-8B4A-11D0-8D11-00A0C91BC942}") = "Unpackager", "windows-Unpackager\Unpackager.vcxproj", "{EDDD0BB6-7D0B-42E5-8A4E-BEAB87827B67}"
EndProject
Project("{8BC9CEB8-8B4A-11D0-8D11-00A0C91BC942}") = "RapidMenu", "windows-RapidMenu\RapidMenu.vcxproj", "{271794EE-A6CC-3BFE-C933-5518F1318946}"
EndProject
Project("{8BC9CEB8-8B4A-11D0-8D11-00A0C91BC942}") = "product-Reader", "windows-Reader\Reader.vcxproj", "{BAC6B212-B5BD-CF31-7626-50AD20A742D1}"
EndProject
Project("{8BC9CEB8-8B4A-11D0-8D11-00A0C91BC942}") = "Win32-nptsreader", "windows-nptsreader\nptsreader.vcxproj", "{2A1A0322-F49C-45F3-A08A-C45404EAFCA4}"
EndProject
Project("{8BC9CEB8-8B4A-11D0-8D11-00A0C91BC942}") = "Win32-proxy-Office", "windows-ProxyOffice\ProxyOffice.vcxproj", "{8E8F4D06-C4F9-CDBD-FA6F-1B75737F4139}"
EndProject
Project("{8BC9CEB8-8B4A-11D0-8D11-00A0C91BC942}") = "Win32-proxy-Reader", "windows-ProxyReader\ProxyReader.vcxproj", "{13DBCEEB-30E1-5311-8616-696508765194}"
EndProject
Global
	GlobalSection(SolutionConfigurationPlatforms) = preSolution
		Debug|Win32 = Debug|Win32
		Debug|x64 = Debug|x64
		Release|Win32 = Release|Win32
		Release|x64 = Release|x64
		Template|Win32 = Template|Win32
		Template|x64 = Template|x64
	EndGlobalSection
	GlobalSection(ProjectConfigurationPlatforms) = postSolution
		{E6BA42F2-99A8-0122-4E46-A097CDA7880D}.Debug|Win32.ActiveCfg = Debug|x64
		{E6BA42F2-99A8-0122-4E46-A097CDA7880D}.Debug|Win32.Build.0 = Debug|x64
		{E6BA42F2-99A8-0122-4E46-A097CDA7880D}.Debug|x64.ActiveCfg = Debug|x64
		{E6BA42F2-99A8-0122-4E46-A097CDA7880D}.Debug|x64.Build.0 = Debug|x64
		{E6BA42F2-99A8-0122-4E46-A097CDA7880D}.Release|Win32.ActiveCfg = Release|Win32
		{E6BA42F2-99A8-0122-4E46-A097CDA7880D}.Release|Win32.Build.0 = Release|Win32
		{E6BA42F2-99A8-0122-4E46-A097CDA7880D}.Release|x64.ActiveCfg = Debug|x64
		{E6BA42F2-99A8-0122-4E46-A097CDA7880D}.Release|x64.Build.0 = Debug|x64
		{E6BA42F2-99A8-0122-4E46-A097CDA7880D}.Template|Win32.ActiveCfg = Template|Win32
		{E6BA42F2-99A8-0122-4E46-A097CDA7880D}.Template|Win32.Build.0 = Template|Win32
		{E6BA42F2-99A8-0122-4E46-A097CDA7880D}.Template|x64.ActiveCfg = Template|x64
		{E6BA42F2-99A8-0122-4E46-A097CDA7880D}.Template|x64.Build.0 = Template|x64
		{A5644DC1-E321-4253-8473-B2D3F7DA1610}.Debug|Win32.ActiveCfg = Debug|Win32
		{A5644DC1-E321-4253-8473-B2D3F7DA1610}.Debug|Win32.Build.0 = Debug|Win32
		{A5644DC1-E321-4253-8473-B2D3F7DA1610}.Debug|x64.ActiveCfg = Debug|x64
		{A5644DC1-E321-4253-8473-B2D3F7DA1610}.Debug|x64.Build.0 = Debug|x64
		{A5644DC1-E321-4253-8473-B2D3F7DA1610}.Release|Win32.ActiveCfg = Release|Win32
		{A5644DC1-E321-4253-8473-B2D3F7DA1610}.Release|Win32.Build.0 = Release|Win32
		{A5644DC1-E321-4253-8473-B2D3F7DA1610}.Release|x64.ActiveCfg = Release|x64
		{A5644DC1-E321-4253-8473-B2D3F7DA1610}.Release|x64.Build.0 = Release|x64
		{A5644DC1-E321-4253-8473-B2D3F7DA1610}.Template|Win32.ActiveCfg = Release|x64
		{A5644DC1-E321-4253-8473-B2D3F7DA1610}.Template|x64.ActiveCfg = Release|x64
		{A5644DC1-E321-4253-8473-B2D3F7DA1610}.Template|x64.Build.0 = Release|x64
		{E297A19F-C7EF-5F10-86F6-99873CB9483C}.Debug|Win32.ActiveCfg = Debug|x64
		{E297A19F-C7EF-5F10-86F6-99873CB9483C}.Debug|x64.ActiveCfg = Debug|x64
		{E297A19F-C7EF-5F10-86F6-99873CB9483C}.Debug|x64.Build.0 = Debug|x64
		{E297A19F-C7EF-5F10-86F6-99873CB9483C}.Release|Win32.ActiveCfg = Release|Win32
		{E297A19F-C7EF-5F10-86F6-99873CB9483C}.Release|Win32.Build.0 = Release|Win32
		{E297A19F-C7EF-5F10-86F6-99873CB9483C}.Release|x64.ActiveCfg = Release|x64
		{E297A19F-C7EF-5F10-86F6-99873CB9483C}.Release|x64.Build.0 = Release|x64
		{E297A19F-C7EF-5F10-86F6-99873CB9483C}.Template|Win32.ActiveCfg = Template|Win32
		{E297A19F-C7EF-5F10-86F6-99873CB9483C}.Template|Win32.Build.0 = Template|Win32
		{E297A19F-C7EF-5F10-86F6-99873CB9483C}.Template|x64.ActiveCfg = Template|x64
		{E297A19F-C7EF-5F10-86F6-99873CB9483C}.Template|x64.Build.0 = Template|x64
		{56845C6E-7D36-5B07-A62E-C7E0C9AA0448}.Debug|Win32.ActiveCfg = Debug|x64
		{56845C6E-7D36-5B07-A62E-C7E0C9AA0448}.Debug|Win32.Build.0 = Debug|x64
		{56845C6E-7D36-5B07-A62E-C7E0C9AA0448}.Debug|x64.ActiveCfg = Debug|x64
		{56845C6E-7D36-5B07-A62E-C7E0C9AA0448}.Debug|x64.Build.0 = Debug|x64
		{56845C6E-7D36-5B07-A62E-C7E0C9AA0448}.Release|Win32.ActiveCfg = Release|Win32
		{56845C6E-7D36-5B07-A62E-C7E0C9AA0448}.Release|Win32.Build.0 = Release|Win32
		{56845C6E-7D36-5B07-A62E-C7E0C9AA0448}.Release|x64.ActiveCfg = Release|x64
		{56845C6E-7D36-5B07-A62E-C7E0C9AA0448}.Release|x64.Build.0 = Release|x64
		{56845C6E-7D36-5B07-A62E-C7E0C9AA0448}.Template|Win32.ActiveCfg = Template|Win32
		{56845C6E-7D36-5B07-A62E-C7E0C9AA0448}.Template|Win32.Build.0 = Template|Win32
		{56845C6E-7D36-5B07-A62E-C7E0C9AA0448}.Template|x64.ActiveCfg = Template|x64
		{56845C6E-7D36-5B07-A62E-C7E0C9AA0448}.Template|x64.Build.0 = Template|x64
		{EDDD0BB6-7D0B-42E5-8A4E-BEAB87827B67}.Debug|Win32.ActiveCfg = Debug|x64
		{EDDD0BB6-7D0B-42E5-8A4E-BEAB87827B67}.Debug|Win32.Build.0 = Debug|x64
		{EDDD0BB6-7D0B-42E5-8A4E-BEAB87827B67}.Debug|x64.ActiveCfg = Debug|x64
		{EDDD0BB6-7D0B-42E5-8A4E-BEAB87827B67}.Debug|x64.Build.0 = Debug|x64
		{EDDD0BB6-7D0B-42E5-8A4E-BEAB87827B67}.Release|Win32.ActiveCfg = Release|Win32
		{EDDD0BB6-7D0B-42E5-8A4E-BEAB87827B67}.Release|Win32.Build.0 = Release|Win32
		{EDDD0BB6-7D0B-42E5-8A4E-BEAB87827B67}.Release|x64.ActiveCfg = Release|x64
		{EDDD0BB6-7D0B-42E5-8A4E-BEAB87827B67}.Release|x64.Build.0 = Release|x64
		{EDDD0BB6-7D0B-42E5-8A4E-BEAB87827B67}.Template|Win32.ActiveCfg = Release|x64
		{EDDD0BB6-7D0B-42E5-8A4E-BEAB87827B67}.Template|x64.ActiveCfg = Release|x64
		{EDDD0BB6-7D0B-42E5-8A4E-BEAB87827B67}.Template|x64.Build.0 = Release|x64
		{271794EE-A6CC-3BFE-C933-5518F1318946}.Debug|Win32.ActiveCfg = Debug|x64
		{271794EE-A6CC-3BFE-C933-5518F1318946}.Debug|Win32.Build.0 = Debug|x64
		{271794EE-A6CC-3BFE-C933-5518F1318946}.Debug|x64.ActiveCfg = Debug|x64
		{271794EE-A6CC-3BFE-C933-5518F1318946}.Debug|x64.Build.0 = Debug|x64
		{271794EE-A6CC-3BFE-C933-5518F1318946}.Release|Win32.ActiveCfg = Release|Win32
		{271794EE-A6CC-3BFE-C933-5518F1318946}.Release|Win32.Build.0 = Release|Win32
		{271794EE-A6CC-3BFE-C933-5518F1318946}.Release|x64.ActiveCfg = Release|x64
		{271794EE-A6CC-3BFE-C933-5518F1318946}.Release|x64.Build.0 = Release|x64
		{271794EE-A6CC-3BFE-C933-5518F1318946}.Template|Win32.ActiveCfg = Template|Win32
		{271794EE-A6CC-3BFE-C933-5518F1318946}.Template|Win32.Build.0 = Template|Win32
		{271794EE-A6CC-3BFE-C933-5518F1318946}.Template|x64.ActiveCfg = Template|x64
		{271794EE-A6CC-3BFE-C933-5518F1318946}.Template|x64.Build.0 = Template|x64
		{BAC6B212-B5BD-CF31-7626-50AD20A742D1}.Debug|Win32.ActiveCfg = Debug|x64
		{BAC6B212-B5BD-CF31-7626-50AD20A742D1}.Debug|Win32.Build.0 = Debug|x64
		{BAC6B212-B5BD-CF31-7626-50AD20A742D1}.Debug|x64.ActiveCfg = Debug|x64
		{BAC6B212-B5BD-CF31-7626-50AD20A742D1}.Debug|x64.Build.0 = Debug|x64
		{BAC6B212-B5BD-CF31-7626-50AD20A742D1}.Release|Win32.ActiveCfg = Release|Win32
		{BAC6B212-B5BD-CF31-7626-50AD20A742D1}.Release|Win32.Build.0 = Release|Win32
		{BAC6B212-B5BD-CF31-7626-50AD20A742D1}.Release|x64.ActiveCfg = Release|x64
		{BAC6B212-B5BD-CF31-7626-50AD20A742D1}.Release|x64.Build.0 = Release|x64
		{BAC6B212-B5BD-CF31-7626-50AD20A742D1}.Template|Win32.ActiveCfg = Template|Win32
		{BAC6B212-B5BD-CF31-7626-50AD20A742D1}.Template|Win32.Build.0 = Template|Win32
		{BAC6B212-B5BD-CF31-7626-50AD20A742D1}.Template|x64.ActiveCfg = Template|x64
		{BAC6B212-B5BD-CF31-7626-50AD20A742D1}.Template|x64.Build.0 = Template|x64
		{2A1A0322-F49C-45F3-A08A-C45404EAFCA4}.Debug|Win32.ActiveCfg = Debug|Win32
		{2A1A0322-F49C-45F3-A08A-C45404EAFCA4}.Debug|Win32.Build.0 = Debug|Win32
		{2A1A0322-F49C-45F3-A08A-C45404EAFCA4}.Debug|x64.ActiveCfg = Debug|x64
		{2A1A0322-F49C-45F3-A08A-C45404EAFCA4}.Debug|x64.Build.0 = Debug|x64
		{2A1A0322-F49C-45F3-A08A-C45404EAFCA4}.Release|Win32.ActiveCfg = Release|Win32
		{2A1A0322-F49C-45F3-A08A-C45404EAFCA4}.Release|Win32.Build.0 = Release|Win32
		{2A1A0322-F49C-45F3-A08A-C45404EAFCA4}.Release|x64.ActiveCfg = Release|x64
		{2A1A0322-F49C-45F3-A08A-C45404EAFCA4}.Release|x64.Build.0 = Release|x64
		{2A1A0322-F49C-45F3-A08A-C45404EAFCA4}.Template|Win32.ActiveCfg = Release|x64
		{2A1A0322-F49C-45F3-A08A-C45404EAFCA4}.Template|x64.ActiveCfg = Release|x64
		{2A1A0322-F49C-45F3-A08A-C45404EAFCA4}.Template|x64.Build.0 = Release|x64
		{8E8F4D06-C4F9-CDBD-FA6F-1B75737F4139}.Debug|Win32.ActiveCfg = Debug|Win32
		{8E8F4D06-C4F9-CDBD-FA6F-1B75737F4139}.Debug|Win32.Build.0 = Debug|Win32
		{8E8F4D06-C4F9-CDBD-FA6F-1B75737F4139}.Debug|x64.ActiveCfg = Debug|x64
		{8E8F4D06-C4F9-CDBD-FA6F-1B75737F4139}.Debug|x64.Build.0 = Debug|x64
		{8E8F4D06-C4F9-CDBD-FA6F-1B75737F4139}.Release|Win32.ActiveCfg = Release|Win32
		{8E8F4D06-C4F9-CDBD-FA6F-1B75737F4139}.Release|Win32.Build.0 = Release|Win32
		{8E8F4D06-C4F9-CDBD-FA6F-1B75737F4139}.Release|x64.ActiveCfg = Release|x64
		{8E8F4D06-C4F9-CDBD-FA6F-1B75737F4139}.Release|x64.Build.0 = Release|x64
		{8E8F4D06-C4F9-CDBD-FA6F-1B75737F4139}.Template|Win32.ActiveCfg = Template|Win32
		{8E8F4D06-C4F9-CDBD-FA6F-1B75737F4139}.Template|Win32.Build.0 = Template|Win32
		{8E8F4D06-C4F9-CDBD-FA6F-1B75737F4139}.Template|x64.ActiveCfg = Template|x64
		{8E8F4D06-C4F9-CDBD-FA6F-1B75737F4139}.Template|x64.Build.0 = Template|x64
		{13DBCEEB-30E1-5311-8616-696508765194}.Debug|Win32.ActiveCfg = Debug|Win32
		{13DBCEEB-30E1-5311-8616-696508765194}.Debug|Win32.Build.0 = Debug|Win32
		{13DBCEEB-30E1-5311-8616-696508765194}.Debug|x64.ActiveCfg = Debug|x64
		{13DBCEEB-30E1-5311-8616-696508765194}.Debug|x64.Build.0 = Debug|x64
		{13DBCEEB-30E1-5311-8616-696508765194}.Release|Win32.ActiveCfg = Release|Win32
		{13DBCEEB-30E1-5311-8616-696508765194}.Release|Win32.Build.0 = Release|Win32
		{13DBCEEB-30E1-5311-8616-696508765194}.Release|x64.ActiveCfg = Release|x64
		{13DBCEEB-30E1-5311-8616-696508765194}.Release|x64.Build.0 = Release|x64
		{13DBCEEB-30E1-5311-8616-696508765194}.Template|Win32.ActiveCfg = Template|Win32
		{13DBCEEB-30E1-5311-8616-696508765194}.Template|Win32.Build.0 = Template|Win32
		{13DBCEEB-30E1-5311-8616-696508765194}.Template|x64.ActiveCfg = Template|x64
		{13DBCEEB-30E1-5311-8616-696508765194}.Template|x64.Build.0 = Template|x64
	EndGlobalSection
	GlobalSection(SolutionProperties) = preSolution
		HideSolutionNode = FALSE
	EndGlobalSection
EndGlobal
