<?xml version="1.0" encoding="utf-8"?>
<Project ToolsVersion="4.0" xmlns="http://schemas.microsoft.com/developer/msbuild/2003">
  <ItemGroup>
    <Filter Include="Source Files">
      <UniqueIdentifier>{690a9605-1f46-4667-ac97-d80150f7224d}</UniqueIdentifier>
      <Extensions>cpp;c;cxx;rc;def;r;odl;idl;hpj;bat</Extensions>
    </Filter>
    <Filter Include="Header Files">
      <UniqueIdentifier>{e805a482-a4d4-4e1f-9433-01594d0657d9}</UniqueIdentifier>
      <Extensions>h;hpp;hxx;hm;inl</Extensions>
    </Filter>
    <Filter Include="Resource Files">
      <UniqueIdentifier>{0f804f53-25c1-45f4-9de8-00073673241a}</UniqueIdentifier>
      <Extensions>ico;cur;bmp;dlg;rc2;rct;bin;rgs;gif;jpg;jpeg;jpe</Extensions>
    </Filter>
  </ItemGroup>
  <ItemGroup>
    <ClCompile Include="..\framework\fw_kit.cpp">
      <Filter>Source Files</Filter>
    </ClCompile>
    <ClCompile Include="..\framework\fw_log.cpp">
      <Filter>Source Files</Filter>
    </ClCompile>
    <ClCompile Include="..\framework\fw_timestamp.cpp">
      <Filter>Source Files</Filter>
    </ClCompile>
    <ClCompile Include="..\framework\fw_kit_windows.cpp">
      <Filter>Source Files</Filter>
    </ClCompile>
    <ClCompile Include="..\framework-app\app_common.cpp">
      <Filter>Source Files</Filter>
    </ClCompile>
    <ClCompile Include="..\framework-jni\jni_runtime.cpp">
      <Filter>Source Files</Filter>
    </ClCompile>
    <ClCompile Include="ProxyStarter.cpp">
      <Filter>Source Files</Filter>
    </ClCompile>
    <ClCompile Include="..\cJSON\cJSON.c">
      <Filter>Source Files</Filter>
    </ClCompile>
    <ClCompile Include="..\cJSON\cJSON_Utils.c">
      <Filter>Source Files</Filter>
    </ClCompile>
    <ClCompile Include="..\framework-npplugin\npplugin_js_data.cpp">
      <Filter>Source Files</Filter>
    </ClCompile>
    <ClCompile Include="..\framework-proxy\proxy_jni_function.cpp">
      <Filter>Source Files</Filter>
    </ClCompile>
    <ClCompile Include="proxy_launcher.cpp">
      <Filter>Source Files</Filter>
    </ClCompile>
    <ClCompile Include="..\framework-app-windows\app_launcher.cpp">
      <Filter>Source Files</Filter>
    </ClCompile>
    <ClCompile Include="..\framework-app\app_jni_command.cpp">
      <Filter>Source Files</Filter>
    </ClCompile>
  </ItemGroup>
  <ItemGroup>
    <ClInclude Include="..\framework\fw_config.h">
      <Filter>Header Files</Filter>
    </ClInclude>
    <ClInclude Include="..\framework\fw_kit.h">
      <Filter>Header Files</Filter>
    </ClInclude>
    <ClInclude Include="..\framework\fw_log.h">
      <Filter>Header Files</Filter>
    </ClInclude>
    <ClInclude Include="..\framework\fw_timestamp.h">
      <Filter>Header Files</Filter>
    </ClInclude>
    <ClInclude Include="..\framework-app\app_common.h">
      <Filter>Header Files</Filter>
    </ClInclude>
    <ClInclude Include="..\framework-jni\jni_app.h">
      <Filter>Header Files</Filter>
    </ClInclude>
    <ClInclude Include="..\framework-jni\jni_runtime.h">
      <Filter>Header Files</Filter>
    </ClInclude>
    <ClInclude Include="..\framework-jni\include\jni.h">
      <Filter>Header Files</Filter>
    </ClInclude>
    <ClInclude Include="..\framework-jni\include\win32\jni_md.h">
      <Filter>Header Files</Filter>
    </ClInclude>
    <ClInclude Include="..\framework-upgrade\fw_upgrade.h">
      <Filter>Header Files</Filter>
    </ClInclude>
    <ClInclude Include="..\framework-app\app_jni_command.h">
      <Filter>Header Files</Filter>
    </ClInclude>
    <ClInclude Include="proxy_launcher.h">
      <Filter>Header Files</Filter>
    </ClInclude>
    <ClInclude Include="..\framework-app\app_launcher.h">
      <Filter>Header Files</Filter>
    </ClInclude>
    <ClInclude Include="..\framework-proxy\proxy_jni_function.h">
      <Filter>Header Files</Filter>
    </ClInclude>
  </ItemGroup>
  <ItemGroup>
    <ResourceCompile Include="icon.rc">
      <Filter>Resource Files</Filter>
    </ResourceCompile>
  </ItemGroup>
  <ItemGroup>
    <CustomBuild Include="ReadMe.txt" />
  </ItemGroup>
  <ItemGroup>
    <None Include="..\resource\Office.ico">
      <Filter>Resource Files</Filter>
    </None>
    <None Include="..\resource\Office16.ico">
      <Filter>Resource Files</Filter>
    </None>
  </ItemGroup>
</Project>