<?xml version="1.0" encoding="utf-8"?>
<Project ToolsVersion="4.0" xmlns="http://schemas.microsoft.com/developer/msbuild/2003">
  <ItemGroup>
    <Filter Include="Source Files">
      <UniqueIdentifier>{20aedf54-9b2a-4f89-b018-b6c5b4edc011}</UniqueIdentifier>
      <Extensions>cpp;c;cxx;rc;def;r;odl;idl;hpj;bat</Extensions>
    </Filter>
    <Filter Include="Header Files">
      <UniqueIdentifier>{1c68dfe7-ee07-43e9-901a-109f01367920}</UniqueIdentifier>
      <Extensions>h;hpp;hxx;hm;inl</Extensions>
    </Filter>
    <Filter Include="Resource Files">
      <UniqueIdentifier>{0e50a463-d130-408a-98b3-793c8605ebca}</UniqueIdentifier>
      <Extensions>ico;cur;bmp;dlg;rc2;rct;bin;rgs;gif;jpg;jpeg;jpe</Extensions>
    </Filter>
  </ItemGroup>
  <ItemGroup>
    <ClCompile Include="ActiveInterFace_EImage.cpp">
      <Filter>Source Files</Filter>
    </ClCompile>
    <ClCompile Include="ActiveTools.cpp">
      <Filter>Source Files</Filter>
    </ClCompile>
    <ClCompile Include="DataExchange.cpp">
      <Filter>Source Files</Filter>
    </ClCompile>
    <ClCompile Include="Function.cpp">
      <Filter>Source Files</Filter>
    </ClCompile>
  </ItemGroup>
  <ItemGroup>
    <ClInclude Include="ActiveInterFace_EImage.h">
      <Filter>Header Files</Filter>
    </ClInclude>
    <ClInclude Include="ActiveTools.h">
      <Filter>Header Files</Filter>
    </ClInclude>
    <ClInclude Include="DataExchange.h">
      <Filter>Header Files</Filter>
    </ClInclude>
    <ClInclude Include="Function.h">
      <Filter>Header Files</Filter>
    </ClInclude>
    <ClInclude Include="jni.h">
      <Filter>Header Files</Filter>
    </ClInclude>
    <ClInclude Include="jni_md.h">
      <Filter>Header Files</Filter>
    </ClInclude>
    <ClInclude Include="GdiPlusInit.h">
      <Filter>Header Files</Filter>
    </ClInclude>
    <ClInclude Include="GdiPlus.h">
      <Filter>Header Files</Filter>
    </ClInclude>
  </ItemGroup>
  <ItemGroup>
    <ResourceCompile Include="res\EImage.rc">
      <Filter>Resource Files</Filter>
    </ResourceCompile>
  </ItemGroup>
</Project>