<?xml version="1.0" encoding="utf-8"?>
<Project ToolsVersion="4.0" xmlns="http://schemas.microsoft.com/developer/msbuild/2003">
  <ItemGroup>
    <Filter Include="Source Files">
      <UniqueIdentifier>{2a2e47f8-9e9f-4bf1-952b-37e16f14ea66}</UniqueIdentifier>
      <Extensions>cpp;c;cxx;rc;def;r;odl;idl;hpj;bat</Extensions>
    </Filter>
    <Filter Include="Header Files">
      <UniqueIdentifier>{6a4ae5fb-657b-4afe-80a0-228058a61ee1}</UniqueIdentifier>
      <Extensions>h;hpp;hxx;hm;inl</Extensions>
    </Filter>
    <Filter Include="Resource Files">
      <UniqueIdentifier>{2f958c67-f9c7-4cfc-8616-cbb2e91f83cc}</UniqueIdentifier>
      <Extensions>ico;cur;bmp;dlg;rc2;rct;bin;rgs;gif;jpg;jpeg;jpe</Extensions>
    </Filter>
  </ItemGroup>
  <ItemGroup>
    <ClCompile Include="ENGRes.cpp">
      <Filter>Source Files</Filter>
    </ClCompile>
    <ClCompile Include="FrMenu.cpp">
      <Filter>Source Files</Filter>
    </ClCompile>
    <ClCompile Include="JAPRes.cpp">
      <Filter>Source Files</Filter>
    </ClCompile>
    <ClCompile Include="LanguageRes.cpp">
      <Filter>Source Files</Filter>
    </ClCompile>
    <ClCompile Include="LanguageResFactory.cpp">
      <Filter>Source Files</Filter>
    </ClCompile>
    <ClCompile Include="MainFrm.cpp">
      <Filter>Source Files</Filter>
    </ClCompile>
    <ClCompile Include="Registry.cpp">
      <Filter>Source Files</Filter>
    </ClCompile>
    <ClCompile Include="SCHRes.cpp">
      <Filter>Source Files</Filter>
    </ClCompile>
    <ClCompile Include="StdAfx.cpp">
      <Filter>Source Files</Filter>
    </ClCompile>
    <ClCompile Include="TCHRes.cpp">
      <Filter>Source Files</Filter>
    </ClCompile>
    <ClCompile Include="RapidMenu.cpp">
      <Filter>Source Files</Filter>
    </ClCompile>
    <ClCompile Include="RapidMenuDoc.cpp">
      <Filter>Source Files</Filter>
    </ClCompile>
    <ClCompile Include="RapidMenuView.cpp">
      <Filter>Source Files</Filter>
    </ClCompile>
    <ClCompile Include="..\framework-windows\app_message.cpp">
      <Filter>Source Files</Filter>
    </ClCompile>
    <ClCompile Include="..\framework\fw_kit_windows.cpp">
      <Filter>Source Files</Filter>
    </ClCompile>
  </ItemGroup>
  <ItemGroup>
    <ClInclude Include="ENGRes.h">
      <Filter>Header Files</Filter>
    </ClInclude>
    <ClInclude Include="FrMenu.h">
      <Filter>Header Files</Filter>
    </ClInclude>
    <ClInclude Include="JAPRes.h">
      <Filter>Header Files</Filter>
    </ClInclude>
    <ClInclude Include="LanguageRes.h">
      <Filter>Header Files</Filter>
    </ClInclude>
    <ClInclude Include="LanguageResFactory.h">
      <Filter>Header Files</Filter>
    </ClInclude>
    <ClInclude Include="MainFrm.h">
      <Filter>Header Files</Filter>
    </ClInclude>
    <ClInclude Include="Registry.h">
      <Filter>Header Files</Filter>
    </ClInclude>
    <ClInclude Include="Resource.h">
      <Filter>Header Files</Filter>
    </ClInclude>
    <ClInclude Include="SCHRes.h">
      <Filter>Header Files</Filter>
    </ClInclude>
    <ClInclude Include="StdAfx.h">
      <Filter>Header Files</Filter>
    </ClInclude>
    <ClInclude Include="TCHRes.h">
      <Filter>Header Files</Filter>
    </ClInclude>
    <ClInclude Include="RapidMenu.h">
      <Filter>Header Files</Filter>
    </ClInclude>
    <ClInclude Include="RapidMenuDoc.h">
      <Filter>Header Files</Filter>
    </ClInclude>
    <ClInclude Include="RapidMenuView.h">
      <Filter>Header Files</Filter>
    </ClInclude>
    <ClInclude Include="..\framework-windows\app_message.h">
      <Filter>Header Files</Filter>
    </ClInclude>
    <ClInclude Include="..\framework\fw_kit.h">
      <Filter>Header Files</Filter>
    </ClInclude>
  </ItemGroup>
  <ItemGroup>
    <CustomBuild Include="ReadMe.txt" />
  </ItemGroup>
  <ItemGroup>
    <ResourceCompile Include="RapidMenu.rc">
      <Filter>Source Files</Filter>
    </ResourceCompile>
  </ItemGroup>
  <ItemGroup>
    <Image Include="..\resource\Office96.ico">
      <Filter>Resource Files</Filter>
    </Image>
    <Image Include="..\resource\Office48.ico">
      <Filter>Resource Files</Filter>
    </Image>
    <Image Include="..\resource\Office16.ico">
      <Filter>Resource Files</Filter>
    </Image>
    <Image Include="res\bkground.bmp">
      <Filter>Resource Files</Filter>
    </Image>
    <Image Include="res\icon_menu_exit.ico">
      <Filter>Resource Files</Filter>
    </Image>
    <Image Include="res\icon_menu_launch.ico">
      <Filter>Resource Files</Filter>
    </Image>
  </ItemGroup>
</Project>